// !$*UTF8*$!
{
	archiveVersion = 1;
	classes = {
	};
	objectVersion = 56;
	objects = {

/* Begin PBXBuildFile section */
		86E982452C3CCE7800DF2D3B /* main.c in Sources */ = {isa = PBXBuildFile; fileRef = 86E982442C3CCE7800DF2D3B /* main.c */; };
/* End PBXBuildFile section */

/* Begin PBXCopyFilesBuildPhase section */
		86E9823F2C3CCE7800DF2D3B /* CopyFiles */ = {
			isa = PBXCopyFilesBuildPhase;
			buildActionMask = 2147483647;
			dstPath = /usr/share/man/man1/;
			dstSubfolderSpec = 0;
			files = (
			);
			runOnlyForDeploymentPostprocessing = 1;
		};
/* End PBXCopyFilesBuildPhase section */

/* Begin PBXFileReference section */
		86140AEE2C50DD2200B07BC4 /* 후위 표기 수식 계산.c */ = {isa = PBXFileReference; lastKnownFileType = sourcecode.c.c; path = "후위 표기 수식 계산.c"; sourceTree = "<group>"; };
		86140AEF2C50F18D00B07BC4 /* 중위표기수식 -> 후기표기수식.c */ = {isa = PBXFileReference; lastKnownFileType = sourcecode.c.c; path = "중위표기수식 -> 후기표기수식.c"; sourceTree = "<group>"; };
		86140AF02C55F31B00B07BC4 /* 2504.c */ = {isa = PBXFileReference; lastKnownFileType = sourcecode.c.c; path = 2504.c; sourceTree = "<group>"; };
		86140AF12C55F77E00B07BC4 /* 10845.c */ = {isa = PBXFileReference; lastKnownFileType = sourcecode.c.c; path = 10845.c; sourceTree = "<group>"; };
		86140AF22C55F7D600B07BC4 /* 1158.c */ = {isa = PBXFileReference; lastKnownFileType = sourcecode.c.c; path = 1158.c; sourceTree = "<group>"; };
		86140AF42C63AD8F00B07BC4 /* p200.c */ = {isa = PBXFileReference; lastKnownFileType = sourcecode.c.c; path = p200.c; sourceTree = "<group>"; };
		86140AF52C63B05F00B07BC4 /* 연결리스트 - search_list.c */ = {isa = PBXFileReference; lastKnownFileType = sourcecode.c.c; path = "연결리스트 - search_list.c"; sourceTree = "<group>"; };
		86140AF62C64BA8100B07BC4 /* 연결리스트 - 역순.c */ = {isa = PBXFileReference; lastKnownFileType = sourcecode.c.c; path = "연결리스트 - 역순.c"; sourceTree = "<group>"; };
		86140AF72C68615400B07BC4 /* 17298.c */ = {isa = PBXFileReference; lastKnownFileType = sourcecode.c.c; path = 17298.c; sourceTree = "<group>"; };
		86140AF82C69E04800B07BC4 /* 이중연결리스트 구현.c */ = {isa = PBXFileReference; lastKnownFileType = sourcecode.c.c; path = "이중연결리스트 구현.c"; sourceTree = "<group>"; };
		8693F1E62C6DDB3400926AB7 /* 2493.c */ = {isa = PBXFileReference; lastKnownFileType = sourcecode.c.c; path = 2493.c; sourceTree = "<group>"; };
		8693F1E72C74723500926AB7 /* 이진트리 구현.c */ = {isa = PBXFileReference; lastKnownFileType = sourcecode.c.c; path = "이진트리 구현.c"; sourceTree = "<group>"; };
		8693F1E82C75CCC000926AB7 /* 1863 스카이라인.c */ = {isa = PBXFileReference; lastKnownFileType = sourcecode.c.c; path = "1863 스카이라인.c"; sourceTree = "<group>"; };
		86A592462C7856CE002C8C1B /* 13335 트럭.c */ = {isa = PBXFileReference; lastKnownFileType = sourcecode.c.c; path = "13335 트럭.c"; sourceTree = "<group>"; };
		86E982412C3CCE7800DF2D3B /* peayss */ = {isa = PBXFileReference; explicitFileType = "compiled.mach-o.executable"; includeInIndex = 0; path = peayss; sourceTree = BUILT_PRODUCTS_DIR; };
		86E982442C3CCE7800DF2D3B /* main.c */ = {isa = PBXFileReference; lastKnownFileType = sourcecode.c.c; path = main.c; sourceTree = "<group>"; };
		86E9824C2C3CCEBA00DF2D3B /* 연결리스트 함수 구현.c */ = {isa = PBXFileReference; lastKnownFileType = sourcecode.c.c; path = "연결리스트 함수 구현.c"; sourceTree = "<group>"; };
		86E9824E2C4A8C3F00DF2D3B /* 10828.c */ = {isa = PBXFileReference; lastKnownFileType = sourcecode.c.c; path = 10828.c; sourceTree = "<group>"; };
		86E9824F2C4A92CA00DF2D3B /* 9012.c */ = {isa = PBXFileReference; lastKnownFileType = sourcecode.c.c; path = 9012.c; sourceTree = "<group>"; };
		86E982502C4A92F600DF2D3B /* 1935.c */ = {isa = PBXFileReference; lastKnownFileType = sourcecode.c.c; path = 1935.c; sourceTree = "<group>"; };
		86E982522C4F70E500DF2D3B /* 괄호검사 알고리즘.c */ = {isa = PBXFileReference; lastKnownFileType = sourcecode.c.c; path = "괄호검사 알고리즘.c"; sourceTree = "<group>"; };
/* End PBXFileReference section */

/* Begin PBXFrameworksBuildPhase section */
		86E9823E2C3CCE7800DF2D3B /* Frameworks */ = {
			isa = PBXFrameworksBuildPhase;
			buildActionMask = 2147483647;
			files = (
			);
			runOnlyForDeploymentPostprocessing = 0;
		};
/* End PBXFrameworksBuildPhase section */

/* Begin PBXGroup section */
		86140AF32C63AD7400B07BC4 /* lab */ = {
			isa = PBXGroup;
			children = (
				86140AF42C63AD8F00B07BC4 /* p200.c */,
				86140AF52C63B05F00B07BC4 /* 연결리스트 - search_list.c */,
				86140AF62C64BA8100B07BC4 /* 연결리스트 - 역순.c */,
				86140AF82C69E04800B07BC4 /* 이중연결리스트 구현.c */,
			);
			path = lab;
			sourceTree = "<group>";
		};
		86E982382C3CCE7800DF2D3B = {
			isa = PBXGroup;
			children = (
				86140AF32C63AD7400B07BC4 /* lab */,
				86E982512C4F70CB00DF2D3B /* 자료구조 */,
				86E9824D2C4A8C2400DF2D3B /* 백준 */,
				86E982432C3CCE7800DF2D3B /* peayss */,
				86E982422C3CCE7800DF2D3B /* Products */,
			);
			sourceTree = "<group>";
		};
		86E982422C3CCE7800DF2D3B /* Products */ = {
			isa = PBXGroup;
			children = (
				86E982412C3CCE7800DF2D3B /* peayss */,
			);
			name = Products;
			sourceTree = "<group>";
		};
		86E982432C3CCE7800DF2D3B /* peayss */ = {
			isa = PBXGroup;
			children = (
				86E982442C3CCE7800DF2D3B /* main.c */,
			);
			path = peayss;
			sourceTree = "<group>";
		};
		86E9824D2C4A8C2400DF2D3B /* 백준 */ = {
			isa = PBXGroup;
			children = (
				86E9824E2C4A8C3F00DF2D3B /* 10828.c */,
				86E9824F2C4A92CA00DF2D3B /* 9012.c */,
				86E982502C4A92F600DF2D3B /* 1935.c */,
				86140AF02C55F31B00B07BC4 /* 2504.c */,
				86140AF12C55F77E00B07BC4 /* 10845.c */,
				86140AF22C55F7D600B07BC4 /* 1158.c */,
				86140AF72C68615400B07BC4 /* 17298.c */,
				8693F1E62C6DDB3400926AB7 /* 2493.c */,
				8693F1E82C75CCC000926AB7 /* 1863 스카이라인.c */,
				86A592462C7856CE002C8C1B /* 13335 트럭.c */,
			);
			name = "백준";
			path = "백준";
			sourceTree = "<group>";
		};
		86E982512C4F70CB00DF2D3B /* 자료구조 */ = {
			isa = PBXGroup;
			children = (
				86E9824C2C3CCEBA00DF2D3B /* 연결리스트 함수 구현.c */,
				86E982522C4F70E500DF2D3B /* 괄호검사 알고리즘.c */,
				86140AEE2C50DD2200B07BC4 /* 후위 표기 수식 계산.c */,
				86140AEF2C50F18D00B07BC4 /* 중위표기수식 -> 후기표기수식.c */,
				8693F1E72C74723500926AB7 /* 이진트리 구현.c */,
			);
			name = "자료구조";
			path = "자료구조";
			sourceTree = "<group>";
		};
/* End PBXGroup section */

/* Begin PBXNativeTarget section */
		86E982402C3CCE7800DF2D3B /* peayss */ = {
			isa = PBXNativeTarget;
			buildConfigurationList = 86E982482C3CCE7800DF2D3B /* Build configuration list for PBXNativeTarget "peayss" */;
			buildPhases = (
				86E9823D2C3CCE7800DF2D3B /* Sources */,
				86E9823E2C3CCE7800DF2D3B /* Frameworks */,
				86E9823F2C3CCE7800DF2D3B /* CopyFiles */,
			);
			buildRules = (
			);
			dependencies = (
			);
			name = peayss;
			productName = peayss;
			productReference = 86E982412C3CCE7800DF2D3B /* peayss */;
			productType = "com.apple.product-type.tool";
		};
/* End PBXNativeTarget section */

/* Begin PBXProject section */
		86E982392C3CCE7800DF2D3B /* Project object */ = {
			isa = PBXProject;
			attributes = {
				BuildIndependentTargetsInParallel = 1;
				LastUpgradeCheck = 1500;
				TargetAttributes = {
					86E982402C3CCE7800DF2D3B = {
						CreatedOnToolsVersion = 15.0;
					};
				};
			};
			buildConfigurationList = 86E9823C2C3CCE7800DF2D3B /* Build configuration list for PBXProject "peayss" */;
			compatibilityVersion = "Xcode 14.0";
			developmentRegion = en;
			hasScannedForEncodings = 0;
			knownRegions = (
				en,
				Base,
			);
			mainGroup = 86E982382C3CCE7800DF2D3B;
			productRefGroup = 86E982422C3CCE7800DF2D3B /* Products */;
			projectDirPath = "";
			projectRoot = "";
			targets = (
				86E982402C3CCE7800DF2D3B /* peayss */,
			);
		};
/* End PBXProject section */

/* Begin PBXSourcesBuildPhase section */
		86E9823D2C3CCE7800DF2D3B /* Sources */ = {
			isa = PBXSourcesBuildPhase;
			buildActionMask = 2147483647;
			files = (
				86E982452C3CCE7800DF2D3B /* main.c in Sources */,
			);
			runOnlyForDeploymentPostprocessing = 0;
		};
/* End PBXSourcesBuildPhase section */

/* Begin XCBuildConfiguration section */
		86E982462C3CCE7800DF2D3B /* Debug */ = {
			isa = XCBuildConfiguration;
			buildSettings = {
				ALWAYS_SEARCH_USER_PATHS = NO;
				ASSETCATALOG_COMPILER_GENERATE_SWIFT_ASSET_SYMBOL_EXTENSIONS = YES;
				CLANG_ANALYZER_NONNULL = YES;
				CLANG_ANALYZER_NUMBER_OBJECT_CONVERSION = YES_AGGRESSIVE;
				CLANG_CXX_LANGUAGE_STANDARD = "gnu++20";
				CLANG_ENABLE_MODULES = YES;
				CLANG_ENABLE_OBJC_ARC = YES;
				CLANG_ENABLE_OBJC_WEAK = YES;
				CLANG_WARN_BLOCK_CAPTURE_AUTORELEASING = YES;
				CLANG_WARN_BOOL_CONVERSION = YES;
				CLANG_WARN_COMMA = YES;
				CLANG_WARN_CONSTANT_CONVERSION = YES;
				CLANG_WARN_DEPRECATED_OBJC_IMPLEMENTATIONS = YES;
				CLANG_WARN_DIRECT_OBJC_ISA_USAGE = YES_ERROR;
				CLANG_WARN_DOCUMENTATION_COMMENTS = YES;
				CLANG_WARN_EMPTY_BODY = YES;
				CLANG_WARN_ENUM_CONVERSION = YES;
				CLANG_WARN_INFINITE_RECURSION = YES;
				CLANG_WARN_INT_CONVERSION = YES;
				CLANG_WARN_NON_LITERAL_NULL_CONVERSION = YES;
				CLANG_WARN_OBJC_IMPLICIT_RETAIN_SELF = YES;
				CLANG_WARN_OBJC_LITERAL_CONVERSION = YES;
				CLANG_WARN_OBJC_ROOT_CLASS = YES_ERROR;
				CLANG_WARN_QUOTED_INCLUDE_IN_FRAMEWORK_HEADER = YES;
				CLANG_WARN_RANGE_LOOP_ANALYSIS = YES;
				CLANG_WARN_STRICT_PROTOTYPES = YES;
				CLANG_WARN_SUSPICIOUS_MOVE = YES;
				CLANG_WARN_UNGUARDED_AVAILABILITY = YES_AGGRESSIVE;
				CLANG_WARN_UNREACHABLE_CODE = YES;
				CLANG_WARN__DUPLICATE_METHOD_MATCH = YES;
				COPY_PHASE_STRIP = NO;
				DEBUG_INFORMATION_FORMAT = dwarf;
				ENABLE_STRICT_OBJC_MSGSEND = YES;
				ENABLE_TESTABILITY = YES;
				ENABLE_USER_SCRIPT_SANDBOXING = YES;
				GCC_C_LANGUAGE_STANDARD = gnu17;
				GCC_DYNAMIC_NO_PIC = NO;
				GCC_NO_COMMON_BLOCKS = YES;
				GCC_OPTIMIZATION_LEVEL = 0;
				GCC_PREPROCESSOR_DEFINITIONS = (
					"DEBUG=1",
					"$(inherited)",
				);
				GCC_WARN_64_TO_32_BIT_CONVERSION = YES;
				GCC_WARN_ABOUT_RETURN_TYPE = YES_ERROR;
				GCC_WARN_UNDECLARED_SELECTOR = YES;
				GCC_WARN_UNINITIALIZED_AUTOS = YES_AGGRESSIVE;
				GCC_WARN_UNUSED_FUNCTION = YES;
				GCC_WARN_UNUSED_VARIABLE = YES;
				LOCALIZATION_PREFERS_STRING_CATALOGS = YES;
				MACOSX_DEPLOYMENT_TARGET = 14.0;
				MTL_ENABLE_DEBUG_INFO = INCLUDE_SOURCE;
				MTL_FAST_MATH = YES;
				ONLY_ACTIVE_ARCH = YES;
				SDKROOT = macosx;
			};
			name = Debug;
		};
		86E982472C3CCE7800DF2D3B /* Release */ = {
			isa = XCBuildConfiguration;
			buildSettings = {
				ALWAYS_SEARCH_USER_PATHS = NO;
				ASSETCATALOG_COMPILER_GENERATE_SWIFT_ASSET_SYMBOL_EXTENSIONS = YES;
				CLANG_ANALYZER_NONNULL = YES;
				CLANG_ANALYZER_NUMBER_OBJECT_CONVERSION = YES_AGGRESSIVE;
				CLANG_CXX_LANGUAGE_STANDARD = "gnu++20";
				CLANG_ENABLE_MODULES = YES;
				CLANG_ENABLE_OBJC_ARC = YES;
				CLANG_ENABLE_OBJC_WEAK = YES;
				CLANG_WARN_BLOCK_CAPTURE_AUTORELEASING = YES;
				CLANG_WARN_BOOL_CONVERSION = YES;
				CLANG_WARN_COMMA = YES;
				CLANG_WARN_CONSTANT_CONVERSION = YES;
				CLANG_WARN_DEPRECATED_OBJC_IMPLEMENTATIONS = YES;
				CLANG_WARN_DIRECT_OBJC_ISA_USAGE = YES_ERROR;
				CLANG_WARN_DOCUMENTATION_COMMENTS = YES;
				CLANG_WARN_EMPTY_BODY = YES;
				CLANG_WARN_ENUM_CONVERSION = YES;
				CLANG_WARN_INFINITE_RECURSION = YES;
				CLANG_WARN_INT_CONVERSION = YES;
				CLANG_WARN_NON_LITERAL_NULL_CONVERSION = YES;
				CLANG_WARN_OBJC_IMPLICIT_RETAIN_SELF = YES;
				CLANG_WARN_OBJC_LITERAL_CONVERSION = YES;
				CLANG_WARN_OBJC_ROOT_CLASS = YES_ERROR;
				CLANG_WARN_QUOTED_INCLUDE_IN_FRAMEWORK_HEADER = YES;
				CLANG_WARN_RANGE_LOOP_ANALYSIS = YES;
				CLANG_WARN_STRICT_PROTOTYPES = YES;
				CLANG_WARN_SUSPICIOUS_MOVE = YES;
				CLANG_WARN_UNGUARDED_AVAILABILITY = YES_AGGRESSIVE;
				CLANG_WARN_UNREACHABLE_CODE = YES;
				CLANG_WARN__DUPLICATE_METHOD_MATCH = YES;
				COPY_PHASE_STRIP = NO;
				DEBUG_INFORMATION_FORMAT = "dwarf-with-dsym";
				ENABLE_NS_ASSERTIONS = NO;
				ENABLE_STRICT_OBJC_MSGSEND = YES;
				ENABLE_USER_SCRIPT_SANDBOXING = YES;
				GCC_C_LANGUAGE_STANDARD = gnu17;
				GCC_NO_COMMON_BLOCKS = YES;
				GCC_WARN_64_TO_32_BIT_CONVERSION = YES;
				GCC_WARN_ABOUT_RETURN_TYPE = YES_ERROR;
				GCC_WARN_UNDECLARED_SELECTOR = YES;
				GCC_WARN_UNINITIALIZED_AUTOS = YES_AGGRESSIVE;
				GCC_WARN_UNUSED_FUNCTION = YES;
				GCC_WARN_UNUSED_VARIABLE = YES;
				LOCALIZATION_PREFERS_STRING_CATALOGS = YES;
				MACOSX_DEPLOYMENT_TARGET = 14.0;
				MTL_ENABLE_DEBUG_INFO = NO;
				MTL_FAST_MATH = YES;
				SDKROOT = macosx;
			};
			name = Release;
		};
		86E982492C3CCE7800DF2D3B /* Debug */ = {
			isa = XCBuildConfiguration;
			buildSettings = {
				CODE_SIGN_STYLE = Automatic;
				PRODUCT_NAME = "$(TARGET_NAME)";
			};
			name = Debug;
		};
		86E9824A2C3CCE7800DF2D3B /* Release */ = {
			isa = XCBuildConfiguration;
			buildSettings = {
				CODE_SIGN_STYLE = Automatic;
				PRODUCT_NAME = "$(TARGET_NAME)";
			};
			name = Release;
		};
/* End XCBuildConfiguration section */

/* Begin XCConfigurationList section */
		86E9823C2C3CCE7800DF2D3B /* Build configuration list for PBXProject "peayss" */ = {
			isa = XCConfigurationList;
			buildConfigurations = (
				86E982462C3CCE7800DF2D3B /* Debug */,
				86E982472C3CCE7800DF2D3B /* Release */,
			);
			defaultConfigurationIsVisible = 0;
			defaultConfigurationName = Release;
		};
		86E982482C3CCE7800DF2D3B /* Build configuration list for PBXNativeTarget "peayss" */ = {
			isa = XCConfigurationList;
			buildConfigurations = (
				86E982492C3CCE7800DF2D3B /* Debug */,
				86E9824A2C3CCE7800DF2D3B /* Release */,
			);
			defaultConfigurationIsVisible = 0;
			defaultConfigurationName = Release;
		};
/* End XCConfigurationList section */
	};
	rootObject = 86E982392C3CCE7800DF2D3B /* Project object */;
}
